// !$*UTF8*$!
{
	archiveVersion = 1;
	classes = {
	};
	objectVersion = 50;
	objects = {

/* Begin PBXBuildFile section */
		167FF7412730E407002C1CC7 /* AppDelegate.swift in Sources */ = {isa = PBXBuildFile; fileRef = 167FF7402730E407002C1CC7 /* AppDelegate.swift */; };
		167FF7432730E407002C1CC7 /* SceneDelegate.swift in Sources */ = {isa = PBXBuildFile; fileRef = 167FF7422730E407002C1CC7 /* SceneDelegate.swift */; };
		167FF7452730E407002C1CC7 /* ViewController.swift in Sources */ = {isa = PBXBuildFile; fileRef = 167FF7442730E407002C1CC7 /* ViewController.swift */; };
		167FF7482730E407002C1CC7 /* Main.storyboard in Resources */ = {isa = PBXBuildFile; fileRef = 167FF7462730E407002C1CC7 /* Main.storyboard */; };
		167FF74A2730E408002C1CC7 /* Assets.xcassets in Resources */ = {isa = PBXBuildFile; fileRef = 167FF7492730E408002C1CC7 /* Assets.xcassets */; };
		167FF74D2730E408002C1CC7 /* LaunchScreen.storyboard in Resources */ = {isa = PBXBuildFile; fileRef = 167FF74B2730E408002C1CC7 /* LaunchScreen.storyboard */; };
		167FF7562730E5EA002C1CC7 /* MediaCollectionViewCell.swift in Sources */ = {isa = PBXBuildFile; fileRef = 167FF7552730E5EA002C1CC7 /* MediaCollectionViewCell.swift */; };
		167FF7592730E638002C1CC7 /* SectionHeader.swift in Sources */ = {isa = PBXBuildFile; fileRef = 167FF7582730E638002C1CC7 /* SectionHeader.swift */; };
		167FF75C2730E749002C1CC7 /* LayoutBuilder.swift in Sources */ = {isa = PBXBuildFile; fileRef = 167FF75B2730E749002C1CC7 /* LayoutBuilder.swift */; };
/* End PBXBuildFile section */

/* Begin PBXFileReference section */
		167FF73D2730E407002C1CC7 /* CollectionView.app */ = {isa = PBXFileReference; explicitFileType = wrapper.application; includeInIndex = 0; path = CollectionView.app; sourceTree = BUILT_PRODUCTS_DIR; };
		167FF7402730E407002C1CC7 /* AppDelegate.swift */ = {isa = PBXFileReference; lastKnownFileType = sourcecode.swift; path = AppDelegate.swift; sourceTree = "<group>"; };
		167FF7422730E407002C1CC7 /* SceneDelegate.swift */ = {isa = PBXFileReference; lastKnownFileType = sourcecode.swift; path = SceneDelegate.swift; sourceTree = "<group>"; };
		167FF7442730E407002C1CC7 /* ViewController.swift */ = {isa = PBXFileReference; lastKnownFileType = sourcecode.swift; path = ViewController.swift; sourceTree = "<group>"; };
		167FF7472730E407002C1CC7 /* Base */ = {isa = PBXFileReference; lastKnownFileType = file.storyboard; name = Base; path = Base.lproj/Main.storyboard; sourceTree = "<group>"; };
		167FF7492730E408002C1CC7 /* Assets.xcassets */ = {isa = PBXFileReference; lastKnownFileType = folder.assetcatalog; path = Assets.xcassets; sourceTree = "<group>"; };
		167FF74C2730E408002C1CC7 /* Base */ = {isa = PBXFileReference; lastKnownFileType = file.storyboard; name = Base; path = Base.lproj/LaunchScreen.storyboard; sourceTree = "<group>"; };
		167FF74E2730E408002C1CC7 /* Info.plist */ = {isa = PBXFileReference; lastKnownFileType = text.plist.xml; path = Info.plist; sourceTree = "<group>"; };
		167FF7552730E5EA002C1CC7 /* MediaCollectionViewCell.swift */ = {isa = PBXFileReference; lastKnownFileType = sourcecode.swift; path = MediaCollectionViewCell.swift; sourceTree = "<group>"; };
		167FF7582730E638002C1CC7 /* SectionHeader.swift */ = {isa = PBXFileReference; lastKnownFileType = sourcecode.swift; path = SectionHeader.swift; sourceTree = "<group>"; };
		167FF75B2730E749002C1CC7 /* LayoutBuilder.swift */ = {isa = PBXFileReference; lastKnownFileType = sourcecode.swift; path = LayoutBuilder.swift; sourceTree = "<group>"; };
/* End PBXFileReference section */

/* Begin PBXFrameworksBuildPhase section */
		167FF73A2730E407002C1CC7 /* Frameworks */ = {
			isa = PBXFrameworksBuildPhase;
			buildActionMask = 2147483647;
			files = (
			);
			runOnlyForDeploymentPostprocessing = 0;
		};
/* End PBXFrameworksBuildPhase section */

/* Begin PBXGroup section */
		167FF7342730E406002C1CC7 = {
			isa = PBXGroup;
			children = (
				167FF73F2730E407002C1CC7 /* CollectionView */,
				167FF73E2730E407002C1CC7 /* Products */,
			);
			sourceTree = "<group>";
		};
		167FF73E2730E407002C1CC7 /* Products */ = {
			isa = PBXGroup;
			children = (
				167FF73D2730E407002C1CC7 /* CollectionView.app */,
			);
			name = Products;
			sourceTree = "<group>";
		};
		167FF73F2730E407002C1CC7 /* CollectionView */ = {
			isa = PBXGroup;
			children = (
				167FF7402730E407002C1CC7 /* AppDelegate.swift */,
				167FF7422730E407002C1CC7 /* SceneDelegate.swift */,
				167FF7442730E407002C1CC7 /* ViewController.swift */,
				167FF7462730E407002C1CC7 /* Main.storyboard */,
				167FF7492730E408002C1CC7 /* Assets.xcassets */,
				167FF74B2730E408002C1CC7 /* LaunchScreen.storyboard */,
				167FF74E2730E408002C1CC7 /* Info.plist */,
				167FF7552730E5EA002C1CC7 /* MediaCollectionViewCell.swift */,
				167FF7582730E638002C1CC7 /* SectionHeader.swift */,
				167FF75B2730E749002C1CC7 /* LayoutBuilder.swift */,
			);
			path = CollectionView;
			sourceTree = "<group>";
		};
/* End PBXGroup section */

/* Begin PBXNativeTarget section */
		167FF73C2730E407002C1CC7 /* CollectionView */ = {
			isa = PBXNativeTarget;
			buildConfigurationList = 167FF7512730E408002C1CC7 /* Build configuration list for PBXNativeTarget "CollectionView" */;
			buildPhases = (
				167FF7392730E407002C1CC7 /* Sources */,
				167FF73A2730E407002C1CC7 /* Frameworks */,
				167FF73B2730E407002C1CC7 /* Resources */,
			);
			buildRules = (
			);
			dependencies = (
			);
			name = CollectionView;
			productName = CollectionView;
			productReference = 167FF73D2730E407002C1CC7 /* CollectionView.app */;
			productType = "com.apple.product-type.application";
		};
/* End PBXNativeTarget section */

/* Begin PBXProject section */
		167FF7352730E406002C1CC7 /* Project object */ = {
			isa = PBXProject;
			attributes = {
				LastSwiftUpdateCheck = 1240;
				LastUpgradeCheck = 1240;
				TargetAttributes = {
					167FF73C2730E407002C1CC7 = {
						CreatedOnToolsVersion = 12.4;
					};
				};
			};
			buildConfigurationList = 167FF7382730E406002C1CC7 /* Build configuration list for PBXProject "CollectionView" */;
			compatibilityVersion = "Xcode 9.3";
			developmentRegion = en;
			hasScannedForEncodings = 0;
			knownRegions = (
				en,
				Base,
			);
			mainGroup = 167FF7342730E406002C1CC7;
			productRefGroup = 167FF73E2730E407002C1CC7 /* Products */;
			projectDirPath = "";
			projectRoot = "";
			targets = (
				167FF73C2730E407002C1CC7 /* CollectionView */,
			);
		};
/* End PBXProject section */

/* Begin PBXResourcesBuildPhase section */
		167FF73B2730E407002C1CC7 /* Resources */ = {
			isa = PBXResourcesBuildPhase;
			buildActionMask = 2147483647;
			files = (
				167FF74D2730E408002C1CC7 /* LaunchScreen.storyboard in Resources */,
				167FF74A2730E408002C1CC7 /* Assets.xcassets in Resources */,
				167FF7482730E407002C1CC7 /* Main.storyboard in Resources */,
			);
			runOnlyForDeploymentPostprocessing = 0;
		};
/* End PBXResourcesBuildPhase section */

/* Begin PBXSourcesBuildPhase section */
		167FF7392730E407002C1CC7 /* Sources */ = {
			isa = PBXSourcesBuildPhase;
			buildActionMask = 2147483647;
			files = (
				167FF7452730E407002C1CC7 /* ViewController.swift in Sources */,
				167FF75C2730E749002C1CC7 /* LayoutBuilder.swift in Sources */,
				167FF7412730E407002C1CC7 /* AppDelegate.swift in Sources */,
				167FF7592730E638002C1CC7 /* SectionHeader.swift in Sources */,
				167FF7432730E407002C1CC7 /* SceneDelegate.swift in Sources */,
				167FF7562730E5EA002C1CC7 /* MediaCollectionViewCell.swift in Sources */,
			);
			runOnlyForDeploymentPostprocessing = 0;
		};
/* End PBXSourcesBuildPhase section */

/* Begin PBXVariantGroup section */
		167FF7462730E407002C1CC7 /* Main.storyboard */ = {
			isa = PBXVariantGroup;
			children = (
				167FF7472730E407002C1CC7 /* Base */,
			);
			name = Main.storyboard;
			sourceTree = "<group>";
		};
		167FF74B2730E408002C1CC7 /* LaunchScreen.storyboard */ = {
			isa = PBXVariantGroup;
			children = (
				167FF74C2730E408002C1CC7 /* Base */,
			);
			name = LaunchScreen.storyboard;
			sourceTree = "<group>";
		};
/* End PBXVariantGroup section */

/* Begin XCBuildConfiguration section */
		167FF74F2730E408002C1CC7 /* Debug */ = {
			isa = XCBuildConfiguration;
			buildSettings = {
				ALWAYS_SEARCH_USER_PATHS = NO;
				CLANG_ANALYZER_NONNULL = YES;
				CLANG_ANALYZER_NUMBER_OBJECT_CONVERSION = YES_AGGRESSIVE;
				CLANG_CXX_LANGUAGE_STANDARD = "gnu++14";
				CLANG_CXX_LIBRARY = "libc++";
				CLANG_ENABLE_MODULES = YES;
				CLANG_ENABLE_OBJC_ARC = YES;
				CLANG_ENABLE_OBJC_WEAK = YES;
				CLANG_WARN_BLOCK_CAPTURE_AUTORELEASING = YES;
				CLANG_WARN_BOOL_CONVERSION = YES;
				CLANG_WARN_COMMA = YES;
				CLANG_WARN_CONSTANT_CONVERSION = YES;
				CLANG_WARN_DEPRECATED_OBJC_IMPLEMENTATIONS = YES;
				CLANG_WARN_DIRECT_OBJC_ISA_USAGE = YES_ERROR;
				CLANG_WARN_DOCUMENTATION_COMMENTS = YES;
				CLANG_WARN_EMPTY_BODY = YES;
				CLANG_WARN_ENUM_CONVERSION = YES;
				CLANG_WARN_INFINITE_RECURSION = YES;
				CLANG_WARN_INT_CONVERSION = YES;
				CLANG_WARN_NON_LITERAL_NULL_CONVERSION = YES;
				CLANG_WARN_OBJC_IMPLICIT_RETAIN_SELF = YES;
				CLANG_WARN_OBJC_LITERAL_CONVERSION = YES;
				CLANG_WARN_OBJC_ROOT_CLASS = YES_ERROR;
				CLANG_WARN_QUOTED_INCLUDE_IN_FRAMEWORK_HEADER = YES;
				CLANG_WARN_RANGE_LOOP_ANALYSIS = YES;
				CLANG_WARN_STRICT_PROTOTYPES = YES;
				CLANG_WARN_SUSPICIOUS_MOVE = YES;
				CLANG_WARN_UNGUARDED_AVAILABILITY = YES_AGGRESSIVE;
				CLANG_WARN_UNREACHABLE_CODE = YES;
				CLANG_WARN__DUPLICATE_METHOD_MATCH = YES;
				COPY_PHASE_STRIP = NO;
				DEBUG_INFORMATION_FORMAT = dwarf;
				ENABLE_STRICT_OBJC_MSGSEND = YES;
				ENABLE_TESTABILITY = YES;
				GCC_C_LANGUAGE_STANDARD = gnu11;
				GCC_DYNAMIC_NO_PIC = NO;
				GCC_NO_COMMON_BLOCKS = YES;
				GCC_OPTIMIZATION_LEVEL = 0;
				GCC_PREPROCESSOR_DEFINITIONS = (
					"DEBUG=1",
					"$(inherited)",
				);
				GCC_WARN_64_TO_32_BIT_CONVERSION = YES;
				GCC_WARN_ABOUT_RETURN_TYPE = YES_ERROR;
				GCC_WARN_UNDECLARED_SELECTOR = YES;
				GCC_WARN_UNINITIALIZED_AUTOS = YES_AGGRESSIVE;
				GCC_WARN_UNUSED_FUNCTION = YES;
				GCC_WARN_UNUSED_VARIABLE = YES;
				IPHONEOS_DEPLOYMENT_TARGET = 14.4;
				MTL_ENABLE_DEBUG_INFO = INCLUDE_SOURCE;
				MTL_FAST_MATH = YES;
				ONLY_ACTIVE_ARCH = YES;
				SDKROOT = iphoneos;
				SWIFT_ACTIVE_COMPILATION_CONDITIONS = DEBUG;
				SWIFT_OPTIMIZATION_LEVEL = "-Onone";
			};
			name = Debug;
		};
		167FF7502730E408002C1CC7 /* Release */ = {
			isa = XCBuildConfiguration;
			buildSettings = {
				ALWAYS_SEARCH_USER_PATHS = NO;
				CLANG_ANALYZER_NONNULL = YES;
				CLANG_ANALYZER_NUMBER_OBJECT_CONVERSION = YES_AGGRESSIVE;
				CLANG_CXX_LANGUAGE_STANDARD = "gnu++14";
				CLANG_CXX_LIBRARY = "libc++";
				CLANG_ENABLE_MODULES = YES;
				CLANG_ENABLE_OBJC_ARC = YES;
				CLANG_ENABLE_OBJC_WEAK = YES;
				CLANG_WARN_BLOCK_CAPTURE_AUTORELEASING = YES;
				CLANG_WARN_BOOL_CONVERSION = YES;
				CLANG_WARN_COMMA = YES;
				CLANG_WARN_CONSTANT_CONVERSION = YES;
				CLANG_WARN_DEPRECATED_OBJC_IMPLEMENTATIONS = YES;
				CLANG_WARN_DIRECT_OBJC_ISA_USAGE = YES_ERROR;
				CLANG_WARN_DOCUMENTATION_COMMENTS = YES;
				CLANG_WARN_EMPTY_BODY = YES;
				CLANG_WARN_ENUM_CONVERSION = YES;
				CLANG_WARN_INFINITE_RECURSION = YES;
				CLANG_WARN_INT_CONVERSION = YES;
				CLANG_WARN_NON_LITERAL_NULL_CONVERSION = YES;
				CLANG_WARN_OBJC_IMPLICIT_RETAIN_SELF = YES;
				CLANG_WARN_OBJC_LITERAL_CONVERSION = YES;
				CLANG_WARN_OBJC_ROOT_CLASS = YES_ERROR;
				CLANG_WARN_QUOTED_INCLUDE_IN_FRAMEWORK_HEADER = YES;
				CLANG_WARN_RANGE_LOOP_ANALYSIS = YES;
				CLANG_WARN_STRICT_PROTOTYPES = YES;
				CLANG_WARN_SUSPICIOUS_MOVE = YES;
				CLANG_WARN_UNGUARDED_AVAILABILITY = YES_AGGRESSIVE;
				CLANG_WARN_UNREACHABLE_CODE = YES;
				CLANG_WARN__DUPLICATE_METHOD_MATCH = YES;
				COPY_PHASE_STRIP = NO;
				DEBUG_INFORMATION_FORMAT = "dwarf-with-dsym";
				ENABLE_NS_ASSERTIONS = NO;
				ENABLE_STRICT_OBJC_MSGSEND = YES;
				GCC_C_LANGUAGE_STANDARD = gnu11;
				GCC_NO_COMMON_BLOCKS = YES;
				GCC_WARN_64_TO_32_BIT_CONVERSION = YES;
				GCC_WARN_ABOUT_RETURN_TYPE = YES_ERROR;
				GCC_WARN_UNDECLARED_SELECTOR = YES;
				GCC_WARN_UNINITIALIZED_AUTOS = YES_AGGRESSIVE;
				GCC_WARN_UNUSED_FUNCTION = YES;
				GCC_WARN_UNUSED_VARIABLE = YES;
				IPHONEOS_DEPLOYMENT_TARGET = 14.4;
				MTL_ENABLE_DEBUG_INFO = NO;
				MTL_FAST_MATH = YES;
				SDKROOT = iphoneos;
				SWIFT_COMPILATION_MODE = wholemodule;
				SWIFT_OPTIMIZATION_LEVEL = "-O";
				VALIDATE_PRODUCT = YES;
			};
			name = Release;
		};
		167FF7522730E408002C1CC7 /* Debug */ = {
			isa = XCBuildConfiguration;
			buildSettings = {
				ASSETCATALOG_COMPILER_APPICON_NAME = AppIcon;
				ASSETCATALOG_COMPILER_GLOBAL_ACCENT_COLOR_NAME = AccentColor;
				CODE_SIGN_STYLE = Automatic;
				DEVELOPMENT_TEAM = L73M8R7276;
				INFOPLIST_FILE = CollectionView/Info.plist;
				LD_RUNPATH_SEARCH_PATHS = (
					"$(inherited)",
					"@executable_path/Frameworks",
				);
				PRODUCT_BUNDLE_IDENTIFIER = leemccormick.CollectionView;
				PRODUCT_NAME = "$(TARGET_NAME)";
				SWIFT_VERSION = 5.0;
				TARGETED_DEVICE_FAMILY = "1,2";
			};
			name = Debug;
		};
		167FF7532730E408002C1CC7 /* Release */ = {
			isa = XCBuildConfiguration;
			buildSettings = {
				ASSETCATALOG_COMPILER_APPICON_NAME = AppIcon;
				ASSETCATALOG_COMPILER_GLOBAL_ACCENT_COLOR_NAME = AccentColor;
				CODE_SIGN_STYLE = Automatic;
				DEVELOPMENT_TEAM = L73M8R7276;
				INFOPLIST_FILE = CollectionView/Info.plist;
				LD_RUNPATH_SEARCH_PATHS = (
					"$(inherited)",
					"@executable_path/Frameworks",
				);
				PRODUCT_BUNDLE_IDENTIFIER = leemccormick.CollectionView;
				PRODUCT_NAME = "$(TARGET_NAME)";
				SWIFT_VERSION = 5.0;
				TARGETED_DEVICE_FAMILY = "1,2";
			};
			name = Release;
		};
/* End XCBuildConfiguration section */

/* Begin XCConfigurationList section */
		167FF7382730E406002C1CC7 /* Build configuration list for PBXProject "CollectionView" */ = {
			isa = XCConfigurationList;
			buildConfigurations = (
				167FF74F2730E408002C1CC7 /* Debug */,
				167FF7502730E408002C1CC7 /* Release */,
			);
			defaultConfigurationIsVisible = 0;
			defaultConfigurationName = Release;
		};
		167FF7512730E408002C1CC7 /* Build configuration list for PBXNativeTarget "CollectionView" */ = {
			isa = XCConfigurationList;
			buildConfigurations = (
				167FF7522730E408002C1CC7 /* Debug */,
				167FF7532730E408002C1CC7 /* Release */,
			);
			defaultConfigurationIsVisible = 0;
			defaultConfigurationName = Release;
		};
/* End XCConfigurationList section */
	};
	rootObject = 167FF7352730E406002C1CC7 /* Project object */;
}
